
Microsoft Visual Studio Solution File, Format Version 12.00
# Visual Studio Version 17
VisualStudioVersion = 17.0.31903.59
MinimumVisualStudioVersion = 10.0.40219.1
Project("{FAE04EC0-301F-11D3-BF4B-00C04F79EFBC}") = "ManInfoSys", "ManInfoSys\ManInfoSys.csproj", "{B18228D7-EC03-46A2-945C-FB5CEBAB6C3B}"
EndProject
Project("{FAE04EC0-301F-11D3-BF4B-00C04F79EFBC}") = "BOL", "BOL\BOL.csproj", "{A57089BC-FF91-4F3F-8437-B72E7BC848D4}"
EndProject
Project("{FAE04EC0-301F-11D3-BF4B-00C04F79EFBC}") = "BLL", "BLL\BLL.csproj", "{CF3B27AC-2C45-49A9-934B-F6F6DF0AA2DC}"
EndProject
Project("{FAE04EC0-301F-11D3-BF4B-00C04F79EFBC}") = "DAL", "DAL\DAL.csproj", "{907AB12E-CFBD-4950-BB83-10EACE8C1F84}"
EndProject
Global
	GlobalSection(SolutionConfigurationPlatforms) = preSolution
		Debug|Any CPU = Debug|Any CPU
		Release|Any CPU = Release|Any CPU
	EndGlobalSection
	GlobalSection(SolutionProperties) = preSolution
		HideSolutionNode = FALSE
	EndGlobalSection
	GlobalSection(ProjectConfigurationPlatforms) = postSolution
		{B18228D7-EC03-46A2-945C-FB5CEBAB6C3B}.Debug|Any CPU.ActiveCfg = Debug|Any CPU
		{B18228D7-EC03-46A2-945C-FB5CEBAB6C3B}.Debug|Any CPU.Build.0 = Debug|Any CPU
		{B18228D7-EC03-46A2-945C-FB5CEBAB6C3B}.Release|Any CPU.ActiveCfg = Release|Any CPU
		{B18228D7-EC03-46A2-945C-FB5CEBAB6C3B}.Release|Any CPU.Build.0 = Release|Any CPU
		{A57089BC-FF91-4F3F-8437-B72E7BC848D4}.Debug|Any CPU.ActiveCfg = Debug|Any CPU
		{A57089BC-FF91-4F3F-8437-B72E7BC848D4}.Debug|Any CPU.Build.0 = Debug|Any CPU
		{A57089BC-FF91-4F3F-8437-B72E7BC848D4}.Release|Any CPU.ActiveCfg = Release|Any CPU
		{A57089BC-FF91-4F3F-8437-B72E7BC848D4}.Release|Any CPU.Build.0 = Release|Any CPU
		{CF3B27AC-2C45-49A9-934B-F6F6DF0AA2DC}.Debug|Any CPU.ActiveCfg = Debug|Any CPU
		{CF3B27AC-2C45-49A9-934B-F6F6DF0AA2DC}.Debug|Any CPU.Build.0 = Debug|Any CPU
		{CF3B27AC-2C45-49A9-934B-F6F6DF0AA2DC}.Release|Any CPU.ActiveCfg = Release|Any CPU
		{CF3B27AC-2C45-49A9-934B-F6F6DF0AA2DC}.Release|Any CPU.Build.0 = Release|Any CPU
		{907AB12E-CFBD-4950-BB83-10EACE8C1F84}.Debug|Any CPU.ActiveCfg = Debug|Any CPU
		{907AB12E-CFBD-4950-BB83-10EACE8C1F84}.Debug|Any CPU.Build.0 = Debug|Any CPU
		{907AB12E-CFBD-4950-BB83-10EACE8C1F84}.Release|Any CPU.ActiveCfg = Release|Any CPU
		{907AB12E-CFBD-4950-BB83-10EACE8C1F84}.Release|Any CPU.Build.0 = Release|Any CPU
	EndGlobalSection
EndGlobal
